// !$*UTF8*$!
{
	archiveVersion = 1;
	classes = {
	};
	objectVersion = 48;
	objects = {

/* Begin PBXBuildFile section */
		93402FA91F5FB5E1008B6057 /* Language.swift in Sources */ = {isa = PBXBuildFile; fileRef = 93402FA81F5FB5E1008B6057 /* Language.swift */; };
		93402FAB1F6026F0008B6057 /* LanguageViewController.swift in Sources */ = {isa = PBXBuildFile; fileRef = 93402FAA1F6026F0008B6057 /* LanguageViewController.swift */; };
		9375B2751F5EB7100099441D /* CameraViewController.swift in Sources */ = {isa = PBXBuildFile; fileRef = 9375B2741F5EB7100099441D /* CameraViewController.swift */; };
		9375B2771F5EB72F0099441D /* Image.swift in Sources */ = {isa = PBXBuildFile; fileRef = 9375B2761F5EB72F0099441D /* Image.swift */; };
		9381B2661F5E74E200BFE8F8 /* CollectionViewController.swift in Sources */ = {isa = PBXBuildFile; fileRef = 9381B2651F5E74E200BFE8F8 /* CollectionViewController.swift */; };
		93E1F4931F4183F0003FF77C /* RoundedShadowView.swift in Sources */ = {isa = PBXBuildFile; fileRef = 93E1F4921F4183F0003FF77C /* RoundedShadowView.swift */; };
		93E1F4951F4185D9003FF77C /* RoundedShadowButton.swift in Sources */ = {isa = PBXBuildFile; fileRef = 93E1F4941F4185D9003FF77C /* RoundedShadowButton.swift */; };
		93E1F4971F418621003FF77C /* RoundedShadowImageView.swift in Sources */ = {isa = PBXBuildFile; fileRef = 93E1F4961F418621003FF77C /* RoundedShadowImageView.swift */; };
		93E1F4991F419123003FF77C /* SqueezeNet.mlmodel in Sources */ = {isa = PBXBuildFile; fileRef = 93E1F4981F419123003FF77C /* SqueezeNet.mlmodel */; };
		93E5B05D1F42DB1F00A8C872 /* tessdata in Resources */ = {isa = PBXBuildFile; fileRef = 93E5B05C1F42DB1F00A8C872 /* tessdata */; };
		93E70A661F417EF600A08D57 /* AppDelegate.swift in Sources */ = {isa = PBXBuildFile; fileRef = 93E70A651F417EF600A08D57 /* AppDelegate.swift */; };
		93E70A681F417EF600A08D57 /* ViewController.swift in Sources */ = {isa = PBXBuildFile; fileRef = 93E70A671F417EF600A08D57 /* ViewController.swift */; };
		93E70A6B1F417EF600A08D57 /* Main.storyboard in Resources */ = {isa = PBXBuildFile; fileRef = 93E70A691F417EF600A08D57 /* Main.storyboard */; };
		93E70A6D1F417EF600A08D57 /* Assets.xcassets in Resources */ = {isa = PBXBuildFile; fileRef = 93E70A6C1F417EF600A08D57 /* Assets.xcassets */; };
		93E70A701F417EF600A08D57 /* LaunchScreen.storyboard in Resources */ = {isa = PBXBuildFile; fileRef = 93E70A6E1F417EF600A08D57 /* LaunchScreen.storyboard */; };
		D63666ADF48726BE84D2291C /* Pods_vision_app.framework in Frameworks */ = {isa = PBXBuildFile; fileRef = 26375926C882796FC9269340 /* Pods_vision_app.framework */; };
/* End PBXBuildFile section */

/* Begin PBXFileReference section */
		26375926C882796FC9269340 /* Pods_vision_app.framework */ = {isa = PBXFileReference; explicitFileType = wrapper.framework; includeInIndex = 0; path = Pods_vision_app.framework; sourceTree = BUILT_PRODUCTS_DIR; };
		93402FA81F5FB5E1008B6057 /* Language.swift */ = {isa = PBXFileReference; lastKnownFileType = sourcecode.swift; path = Language.swift; sourceTree = "<group>"; };
		93402FAA1F6026F0008B6057 /* LanguageViewController.swift */ = {isa = PBXFileReference; lastKnownFileType = sourcecode.swift; path = LanguageViewController.swift; sourceTree = "<group>"; };
		9375B2741F5EB7100099441D /* CameraViewController.swift */ = {isa = PBXFileReference; lastKnownFileType = sourcecode.swift; path = CameraViewController.swift; sourceTree = "<group>"; };
		9375B2761F5EB72F0099441D /* Image.swift */ = {isa = PBXFileReference; lastKnownFileType = sourcecode.swift; path = Image.swift; sourceTree = "<group>"; };
		9381B2651F5E74E200BFE8F8 /* CollectionViewController.swift */ = {isa = PBXFileReference; lastKnownFileType = sourcecode.swift; path = CollectionViewController.swift; sourceTree = "<group>"; };
		93E1F4921F4183F0003FF77C /* RoundedShadowView.swift */ = {isa = PBXFileReference; lastKnownFileType = sourcecode.swift; path = RoundedShadowView.swift; sourceTree = "<group>"; };
		93E1F4941F4185D9003FF77C /* RoundedShadowButton.swift */ = {isa = PBXFileReference; lastKnownFileType = sourcecode.swift; path = RoundedShadowButton.swift; sourceTree = "<group>"; };
		93E1F4961F418621003FF77C /* RoundedShadowImageView.swift */ = {isa = PBXFileReference; lastKnownFileType = sourcecode.swift; path = RoundedShadowImageView.swift; sourceTree = "<group>"; };
		93E1F4981F419123003FF77C /* SqueezeNet.mlmodel */ = {isa = PBXFileReference; lastKnownFileType = file.mlmodel; name = SqueezeNet.mlmodel; path = ../../../../../Downloads/SqueezeNet.mlmodel; sourceTree = "<group>"; };
		93E5B05C1F42DB1F00A8C872 /* tessdata */ = {isa = PBXFileReference; lastKnownFileType = folder; name = tessdata; path = "../../../../Downloads/OCR Tutorial Resources/Tesseract Resources/tessdata"; sourceTree = "<group>"; };
		93E70A621F417EF600A08D57 /* vision-app.app */ = {isa = PBXFileReference; explicitFileType = wrapper.application; includeInIndex = 0; path = "vision-app.app"; sourceTree = BUILT_PRODUCTS_DIR; };
		93E70A651F417EF600A08D57 /* AppDelegate.swift */ = {isa = PBXFileReference; lastKnownFileType = sourcecode.swift; path = AppDelegate.swift; sourceTree = "<group>"; };
		93E70A671F417EF600A08D57 /* ViewController.swift */ = {isa = PBXFileReference; lastKnownFileType = sourcecode.swift; path = ViewController.swift; sourceTree = "<group>"; };
		93E70A6A1F417EF600A08D57 /* Base */ = {isa = PBXFileReference; lastKnownFileType = file.storyboard; name = Base; path = Base.lproj/Main.storyboard; sourceTree = "<group>"; };
		93E70A6C1F417EF600A08D57 /* Assets.xcassets */ = {isa = PBXFileReference; lastKnownFileType = folder.assetcatalog; path = Assets.xcassets; sourceTree = "<group>"; };
		93E70A6F1F417EF600A08D57 /* Base */ = {isa = PBXFileReference; lastKnownFileType = file.storyboard; name = Base; path = Base.lproj/LaunchScreen.storyboard; sourceTree = "<group>"; };
		93E70A711F417EF600A08D57 /* Info.plist */ = {isa = PBXFileReference; lastKnownFileType = text.plist.xml; path = Info.plist; sourceTree = "<group>"; };
		B14076448FA041C065B8D9D3 /* Pods-vision-app.debug.xcconfig */ = {isa = PBXFileReference; includeInIndex = 1; lastKnownFileType = text.xcconfig; name = "Pods-vision-app.debug.xcconfig"; path = "Pods/Target Support Files/Pods-vision-app/Pods-vision-app.debug.xcconfig"; sourceTree = "<group>"; };
		CA5FD0CE88E67F71C397826E /* Pods-vision-app.release.xcconfig */ = {isa = PBXFileReference; includeInIndex = 1; lastKnownFileType = text.xcconfig; name = "Pods-vision-app.release.xcconfig"; path = "Pods/Target Support Files/Pods-vision-app/Pods-vision-app.release.xcconfig"; sourceTree = "<group>"; };
/* End PBXFileReference section */

/* Begin PBXFrameworksBuildPhase section */
		93E70A5F1F417EF600A08D57 /* Frameworks */ = {
			isa = PBXFrameworksBuildPhase;
			buildActionMask = 2147483647;
			files = (
				D63666ADF48726BE84D2291C /* Pods_vision_app.framework in Frameworks */,
			);
			runOnlyForDeploymentPostprocessing = 0;
		};
/* End PBXFrameworksBuildPhase section */

/* Begin PBXGroup section */
		0F6ABB1F7707013DAB48DADA /* Pods */ = {
			isa = PBXGroup;
			children = (
				B14076448FA041C065B8D9D3 /* Pods-vision-app.debug.xcconfig */,
				CA5FD0CE88E67F71C397826E /* Pods-vision-app.release.xcconfig */,
			);
			name = Pods;
			sourceTree = "<group>";
		};
		192314A96B6C1DBC081B5486 /* Frameworks */ = {
			isa = PBXGroup;
			children = (
				26375926C882796FC9269340 /* Pods_vision_app.framework */,
			);
			name = Frameworks;
			sourceTree = "<group>";
		};
		93E70A591F417EF600A08D57 = {
			isa = PBXGroup;
			children = (
				93E70A641F417EF600A08D57 /* vision-app */,
				93E70A631F417EF600A08D57 /* Products */,
				0F6ABB1F7707013DAB48DADA /* Pods */,
				192314A96B6C1DBC081B5486 /* Frameworks */,
			);
			sourceTree = "<group>";
		};
		93E70A631F417EF600A08D57 /* Products */ = {
			isa = PBXGroup;
			children = (
				93E70A621F417EF600A08D57 /* vision-app.app */,
			);
			name = Products;
			sourceTree = "<group>";
		};
		93E70A641F417EF600A08D57 /* vision-app */ = {
			isa = PBXGroup;
			children = (
				93E70A791F417F3000A08D57 /* Resources */,
				93E70A781F417F2200A08D57 /* View */,
				93E70A771F417F1A00A08D57 /* Controller */,
				93E70A651F417EF600A08D57 /* AppDelegate.swift */,
				93E5B05C1F42DB1F00A8C872 /* tessdata */,
				93E70A691F417EF600A08D57 /* Main.storyboard */,
				93E70A6C1F417EF600A08D57 /* Assets.xcassets */,
				93E70A6E1F417EF600A08D57 /* LaunchScreen.storyboard */,
				93E70A711F417EF600A08D57 /* Info.plist */,
			);
			path = "vision-app";
			sourceTree = "<group>";
		};
		93E70A771F417F1A00A08D57 /* Controller */ = {
			isa = PBXGroup;
			children = (
				93E70A671F417EF600A08D57 /* ViewController.swift */,
				93402FAA1F6026F0008B6057 /* LanguageViewController.swift */,
				93402FA81F5FB5E1008B6057 /* Language.swift */,
				9375B2741F5EB7100099441D /* CameraViewController.swift */,
				9381B2651F5E74E200BFE8F8 /* CollectionViewController.swift */,
				9375B2761F5EB72F0099441D /* Image.swift */,
			);
			path = Controller;
			sourceTree = "<group>";
		};
		93E70A781F417F2200A08D57 /* View */ = {
			isa = PBXGroup;
			children = (
				93E1F4921F4183F0003FF77C /* RoundedShadowView.swift */,
				93E1F4941F4185D9003FF77C /* RoundedShadowButton.swift */,
				93E1F4961F418621003FF77C /* RoundedShadowImageView.swift */,
			);
			path = View;
			sourceTree = "<group>";
		};
		93E70A791F417F3000A08D57 /* Resources */ = {
			isa = PBXGroup;
			children = (
				93E1F4981F419123003FF77C /* SqueezeNet.mlmodel */,
			);
			path = Resources;
			sourceTree = "<group>";
		};
/* End PBXGroup section */

/* Begin PBXNativeTarget section */
		93E70A611F417EF600A08D57 /* vision-app */ = {
			isa = PBXNativeTarget;
			buildConfigurationList = 93E70A741F417EF600A08D57 /* Build configuration list for PBXNativeTarget "vision-app" */;
			buildPhases = (
				C2A573C15043F44BF57D8677 /* [CP] Check Pods Manifest.lock */,
				93E70A5E1F417EF600A08D57 /* Sources */,
				93E70A5F1F417EF600A08D57 /* Frameworks */,
				93E70A601F417EF600A08D57 /* Resources */,
				5F471566F28AAF5593396FB8 /* [CP] Embed Pods Frameworks */,
				A0E373C4A0B676F46FAA9AF5 /* [CP] Copy Pods Resources */,
			);
			buildRules = (
			);
			dependencies = (
			);
			name = "vision-app";
			productName = "vision-app";
			productReference = 93E70A621F417EF600A08D57 /* vision-app.app */;
			productType = "com.apple.product-type.application";
		};
/* End PBXNativeTarget section */

/* Begin PBXProject section */
		93E70A5A1F417EF600A08D57 /* Project object */ = {
			isa = PBXProject;
			attributes = {
				LastSwiftUpdateCheck = 0900;
				LastUpgradeCheck = 0900;
				ORGANIZATIONNAME = "Jennifer Vilanda Hasler";
				TargetAttributes = {
					93E70A611F417EF600A08D57 = {
						CreatedOnToolsVersion = 9.0;
					};
				};
			};
			buildConfigurationList = 93E70A5D1F417EF600A08D57 /* Build configuration list for PBXProject "vision-app" */;
			compatibilityVersion = "Xcode 8.0";
			developmentRegion = en;
			hasScannedForEncodings = 0;
			knownRegions = (
				en,
				Base,
			);
			mainGroup = 93E70A591F417EF600A08D57;
			productRefGroup = 93E70A631F417EF600A08D57 /* Products */;
			projectDirPath = "";
			projectRoot = "";
			targets = (
				93E70A611F417EF600A08D57 /* vision-app */,
			);
		};
/* End PBXProject section */

/* Begin PBXResourcesBuildPhase section */
		93E70A601F417EF600A08D57 /* Resources */ = {
			isa = PBXResourcesBuildPhase;
			buildActionMask = 2147483647;
			files = (
				93E70A701F417EF600A08D57 /* LaunchScreen.storyboard in Resources */,
				93E5B05D1F42DB1F00A8C872 /* tessdata in Resources */,
				93E70A6D1F417EF600A08D57 /* Assets.xcassets in Resources */,
				93E70A6B1F417EF600A08D57 /* Main.storyboard in Resources */,
			);
			runOnlyForDeploymentPostprocessing = 0;
		};
/* End PBXResourcesBuildPhase section */

/* Begin PBXShellScriptBuildPhase section */
		5F471566F28AAF5593396FB8 /* [CP] Embed Pods Frameworks */ = {
			isa = PBXShellScriptBuildPhase;
			buildActionMask = 2147483647;
			files = (
			);
			inputPaths = (
				"${SRCROOT}/Pods/Target Support Files/Pods-vision-app/Pods-vision-app-frameworks.sh",
				"${BUILT_PRODUCTS_DIR}/DocumentsOCR/DocumentsOCR.framework",
				"${BUILT_PRODUCTS_DIR}/GPUImage/GPUImage.framework",
				"${BUILT_PRODUCTS_DIR}/PodAsset/PodAsset.framework",
				"${BUILT_PRODUCTS_DIR}/TesseractOCRiOS/TesseractOCR.framework",
			);
			name = "[CP] Embed Pods Frameworks";
			outputPaths = (
				"${TARGET_BUILD_DIR}/${FRAMEWORKS_FOLDER_PATH}/DocumentsOCR.framework",
				"${TARGET_BUILD_DIR}/${FRAMEWORKS_FOLDER_PATH}/GPUImage.framework",
				"${TARGET_BUILD_DIR}/${FRAMEWORKS_FOLDER_PATH}/PodAsset.framework",
				"${TARGET_BUILD_DIR}/${FRAMEWORKS_FOLDER_PATH}/TesseractOCR.framework",
			);
			runOnlyForDeploymentPostprocessing = 0;
			shellPath = /bin/sh;
			shellScript = "\"${SRCROOT}/Pods/Target Support Files/Pods-vision-app/Pods-vision-app-frameworks.sh\"\n";
			showEnvVarsInLog = 0;
		};
		A0E373C4A0B676F46FAA9AF5 /* [CP] Copy Pods Resources */ = {
			isa = PBXShellScriptBuildPhase;
			buildActionMask = 2147483647;
			files = (
			);
			inputPaths = (
			);
			name = "[CP] Copy Pods Resources";
			outputPaths = (
			);
			runOnlyForDeploymentPostprocessing = 0;
			shellPath = /bin/sh;
			shellScript = "\"${SRCROOT}/Pods/Target Support Files/Pods-vision-app/Pods-vision-app-resources.sh\"\n";
			showEnvVarsInLog = 0;
		};
		C2A573C15043F44BF57D8677 /* [CP] Check Pods Manifest.lock */ = {
			isa = PBXShellScriptBuildPhase;
			buildActionMask = 2147483647;
			files = (
			);
			inputPaths = (
				"${PODS_PODFILE_DIR_PATH}/Podfile.lock",
				"${PODS_ROOT}/Manifest.lock",
			);
			name = "[CP] Check Pods Manifest.lock";
			outputPaths = (
				"$(DERIVED_FILE_DIR)/Pods-vision-app-checkManifestLockResult.txt",
			);
			runOnlyForDeploymentPostprocessing = 0;
			shellPath = /bin/sh;
			shellScript = "diff \"${PODS_PODFILE_DIR_PATH}/Podfile.lock\" \"${PODS_ROOT}/Manifest.lock\" > /dev/null\nif [ $? != 0 ] ; then\n    # print error to STDERR\n    echo \"error: The sandbox is not in sync with the Podfile.lock. Run 'pod install' or update your CocoaPods installation.\" >&2\n    exit 1\nfi\n# This output is used by Xcode 'outputs' to avoid re-running this script phase.\necho \"SUCCESS\" > \"${SCRIPT_OUTPUT_FILE_0}\"\n";
			showEnvVarsInLog = 0;
		};
/* End PBXShellScriptBuildPhase section */

/* Begin PBXSourcesBuildPhase section */
		93E70A5E1F417EF600A08D57 /* Sources */ = {
			isa = PBXSourcesBuildPhase;
			buildActionMask = 2147483647;
			files = (
				93E70A681F417EF600A08D57 /* ViewController.swift in Sources */,
				93402FA91F5FB5E1008B6057 /* Language.swift in Sources */,
				9375B2771F5EB72F0099441D /* Image.swift in Sources */,
				93E1F4991F419123003FF77C /* SqueezeNet.mlmodel in Sources */,
				9381B2661F5E74E200BFE8F8 /* CollectionViewController.swift in Sources */,
				93E70A661F417EF600A08D57 /* AppDelegate.swift in Sources */,
				93E1F4931F4183F0003FF77C /* RoundedShadowView.swift in Sources */,
				9375B2751F5EB7100099441D /* CameraViewController.swift in Sources */,
				93402FAB1F6026F0008B6057 /* LanguageViewController.swift in Sources */,
				93E1F4951F4185D9003FF77C /* RoundedShadowButton.swift in Sources */,
				93E1F4971F418621003FF77C /* RoundedShadowImageView.swift in Sources */,
			);
			runOnlyForDeploymentPostprocessing = 0;
		};
/* End PBXSourcesBuildPhase section */

/* Begin PBXVariantGroup section */
		93E70A691F417EF600A08D57 /* Main.storyboard */ = {
			isa = PBXVariantGroup;
			children = (
				93E70A6A1F417EF600A08D57 /* Base */,
			);
			name = Main.storyboard;
			sourceTree = "<group>";
		};
		93E70A6E1F417EF600A08D57 /* LaunchScreen.storyboard */ = {
			isa = PBXVariantGroup;
			children = (
				93E70A6F1F417EF600A08D57 /* Base */,
			);
			name = LaunchScreen.storyboard;
			sourceTree = "<group>";
		};
/* End PBXVariantGroup section */

/* Begin XCBuildConfiguration section */
		93E70A721F417EF600A08D57 /* Debug */ = {
			isa = XCBuildConfiguration;
			buildSettings = {
				ALWAYS_SEARCH_USER_PATHS = NO;
				CLANG_ANALYZER_NONNULL = YES;
				CLANG_ANALYZER_NUMBER_OBJECT_CONVERSION = YES_AGGRESSIVE;
				CLANG_CXX_LANGUAGE_STANDARD = "gnu++14";
				CLANG_CXX_LIBRARY = "libc++";
				CLANG_ENABLE_MODULES = YES;
				CLANG_ENABLE_OBJC_ARC = YES;
				CLANG_WARN_BLOCK_CAPTURE_AUTORELEASING = YES;
				CLANG_WARN_BOOL_CONVERSION = YES;
				CLANG_WARN_COMMA = YES;
				CLANG_WARN_CONSTANT_CONVERSION = YES;
				CLANG_WARN_DIRECT_OBJC_ISA_USAGE = YES_ERROR;
				CLANG_WARN_DOCUMENTATION_COMMENTS = YES;
				CLANG_WARN_EMPTY_BODY = YES;
				CLANG_WARN_ENUM_CONVERSION = YES;
				CLANG_WARN_INFINITE_RECURSION = YES;
				CLANG_WARN_INT_CONVERSION = YES;
				CLANG_WARN_NON_LITERAL_NULL_CONVERSION = YES;
				CLANG_WARN_OBJC_LITERAL_CONVERSION = YES;
				CLANG_WARN_OBJC_ROOT_CLASS = YES_ERROR;
				CLANG_WARN_RANGE_LOOP_ANALYSIS = YES;
				CLANG_WARN_STRICT_PROTOTYPES = YES;
				CLANG_WARN_SUSPICIOUS_MOVE = YES;
				CLANG_WARN_UNGUARDED_AVAILABILITY = YES_AGGRESSIVE;
				CLANG_WARN_UNREACHABLE_CODE = YES;
				CLANG_WARN__DUPLICATE_METHOD_MATCH = YES;
				CODE_SIGN_IDENTITY = "iPhone Developer";
				COPY_PHASE_STRIP = NO;
				DEBUG_INFORMATION_FORMAT = dwarf;
				ENABLE_STRICT_OBJC_MSGSEND = YES;
				ENABLE_TESTABILITY = YES;
				GCC_C_LANGUAGE_STANDARD = gnu11;
				GCC_DYNAMIC_NO_PIC = NO;
				GCC_NO_COMMON_BLOCKS = YES;
				GCC_OPTIMIZATION_LEVEL = 0;
				GCC_PREPROCESSOR_DEFINITIONS = (
					"DEBUG=1",
					"$(inherited)",
				);
				GCC_WARN_64_TO_32_BIT_CONVERSION = YES;
				GCC_WARN_ABOUT_RETURN_TYPE = YES_ERROR;
				GCC_WARN_UNDECLARED_SELECTOR = YES;
				GCC_WARN_UNINITIALIZED_AUTOS = YES_AGGRESSIVE;
				GCC_WARN_UNUSED_FUNCTION = YES;
				GCC_WARN_UNUSED_VARIABLE = YES;
				IPHONEOS_DEPLOYMENT_TARGET = 11.0;
				MTL_ENABLE_DEBUG_INFO = YES;
				ONLY_ACTIVE_ARCH = YES;
				SDKROOT = iphoneos;
				SWIFT_ACTIVE_COMPILATION_CONDITIONS = DEBUG;
				SWIFT_OPTIMIZATION_LEVEL = "-Onone";
			};
			name = Debug;
		};
		93E70A731F417EF600A08D57 /* Release */ = {
			isa = XCBuildConfiguration;
			buildSettings = {
				ALWAYS_SEARCH_USER_PATHS = NO;
				CLANG_ANALYZER_NONNULL = YES;
				CLANG_ANALYZER_NUMBER_OBJECT_CONVERSION = YES_AGGRESSIVE;
				CLANG_CXX_LANGUAGE_STANDARD = "gnu++14";
				CLANG_CXX_LIBRARY = "libc++";
				CLANG_ENABLE_MODULES = YES;
				CLANG_ENABLE_OBJC_ARC = YES;
				CLANG_WARN_BLOCK_CAPTURE_AUTORELEASING = YES;
				CLANG_WARN_BOOL_CONVERSION = YES;
				CLANG_WARN_COMMA = YES;
				CLANG_WARN_CONSTANT_CONVERSION = YES;
				CLANG_WARN_DIRECT_OBJC_ISA_USAGE = YES_ERROR;
				CLANG_WARN_DOCUMENTATION_COMMENTS = YES;
				CLANG_WARN_EMPTY_BODY = YES;
				CLANG_WARN_ENUM_CONVERSION = YES;
				CLANG_WARN_INFINITE_RECURSION = YES;
				CLANG_WARN_INT_CONVERSION = YES;
				CLANG_WARN_NON_LITERAL_NULL_CONVERSION = YES;
				CLANG_WARN_OBJC_LITERAL_CONVERSION = YES;
				CLANG_WARN_OBJC_ROOT_CLASS = YES_ERROR;
				CLANG_WARN_RANGE_LOOP_ANALYSIS = YES;
				CLANG_WARN_STRICT_PROTOTYPES = YES;
				CLANG_WARN_SUSPICIOUS_MOVE = YES;
				CLANG_WARN_UNGUARDED_AVAILABILITY = YES_AGGRESSIVE;
				CLANG_WARN_UNREACHABLE_CODE = YES;
				CLANG_WARN__DUPLICATE_METHOD_MATCH = YES;
				CODE_SIGN_IDENTITY = "iPhone Developer";
				COPY_PHASE_STRIP = NO;
				DEBUG_INFORMATION_FORMAT = "dwarf-with-dsym";
				ENABLE_NS_ASSERTIONS = NO;
				ENABLE_STRICT_OBJC_MSGSEND = YES;
				GCC_C_LANGUAGE_STANDARD = gnu11;
				GCC_NO_COMMON_BLOCKS = YES;
				GCC_WARN_64_TO_32_BIT_CONVERSION = YES;
				GCC_WARN_ABOUT_RETURN_TYPE = YES_ERROR;
				GCC_WARN_UNDECLARED_SELECTOR = YES;
				GCC_WARN_UNINITIALIZED_AUTOS = YES_AGGRESSIVE;
				GCC_WARN_UNUSED_FUNCTION = YES;
				GCC_WARN_UNUSED_VARIABLE = YES;
				IPHONEOS_DEPLOYMENT_TARGET = 11.0;
				MTL_ENABLE_DEBUG_INFO = NO;
				SDKROOT = iphoneos;
				SWIFT_OPTIMIZATION_LEVEL = "-Owholemodule";
				VALIDATE_PRODUCT = YES;
			};
			name = Release;
		};
		93E70A751F417EF600A08D57 /* Debug */ = {
			isa = XCBuildConfiguration;
			baseConfigurationReference = B14076448FA041C065B8D9D3 /* Pods-vision-app.debug.xcconfig */;
			buildSettings = {
				ASSETCATALOG_COMPILER_APPICON_NAME = AppIcon;
				DEVELOPMENT_TEAM = 8GL695U4E9;
				INFOPLIST_FILE = "vision-app/Info.plist";
				LD_RUNPATH_SEARCH_PATHS = "$(inherited) @executable_path/Frameworks";
				PRODUCT_BUNDLE_IDENTIFIER = "com.jennifervilandahasler.vision-app";
				PRODUCT_NAME = "$(TARGET_NAME)";
				SWIFT_VERSION = 4.0;
				TARGETED_DEVICE_FAMILY = "1,2";
			};
			name = Debug;
		};
		93E70A761F417EF600A08D57 /* Release */ = {
			isa = XCBuildConfiguration;
			baseConfigurationReference = CA5FD0CE88E67F71C397826E /* Pods-vision-app.release.xcconfig */;
			buildSettings = {
				ASSETCATALOG_COMPILER_APPICON_NAME = AppIcon;
				DEVELOPMENT_TEAM = 8GL695U4E9;
				INFOPLIST_FILE = "vision-app/Info.plist";
				LD_RUNPATH_SEARCH_PATHS = "$(inherited) @executable_path/Frameworks";
				PRODUCT_BUNDLE_IDENTIFIER = "com.jennifervilandahasler.vision-app";
				PRODUCT_NAME = "$(TARGET_NAME)";
				SWIFT_VERSION = 4.0;
				TARGETED_DEVICE_FAMILY = "1,2";
			};
			name = Release;
		};
/* End XCBuildConfiguration section */

/* Begin XCConfigurationList section */
		93E70A5D1F417EF600A08D57 /* Build configuration list for PBXProject "vision-app" */ = {
			isa = XCConfigurationList;
			buildConfigurations = (
				93E70A721F417EF600A08D57 /* Debug */,
				93E70A731F417EF600A08D57 /* Release */,
			);
			defaultConfigurationIsVisible = 0;
			defaultConfigurationName = Release;
		};
		93E70A741F417EF600A08D57 /* Build configuration list for PBXNativeTarget "vision-app" */ = {
			isa = XCConfigurationList;
			buildConfigurations = (
				93E70A751F417EF600A08D57 /* Debug */,
				93E70A761F417EF600A08D57 /* Release */,
			);
			defaultConfigurationIsVisible = 0;
			defaultConfigurationName = Release;
		};
/* End XCConfigurationList section */
	};
	rootObject = 93E70A5A1F417EF600A08D57 /* Project object */;
}
